{
  "name": "ng-ace",
  "version": "0.0.1",
  "lockfileVersion": 1,
  "requires": true,
  "dependencies": {
    "@types/xmldom": {
      "version": "0.1.29",
      "resolved": "https://registry.npmjs.org/@types/xmldom/-/xmldom-0.1.29.tgz",
      "integrity": "sha1-xEKLDKhtO4gUdXJv2UmAs4onw4E=",
      "dev": true
    }
  }
}
